
Microsoft Visual Studio Solution File, Format Version 12.00
# Visual Studio Version 17
VisualStudioVersion = 17.0.31912.275
MinimumVisualStudioVersion = 10.0.40219.1
Project("{9A19103F-16F7-4668-BE54-9A1E7A4F7556}") = "0effort-crm-api", "0effort-crm-api\0effort-crm-api.csproj", "{BCEE5066-5A96-42EB-A988-A01CE6F70ABC}"
EndProject
Project("{2150E333-8FDC-42A3-9474-1A3956D46DE8}") = "Solution Items", "Solution Items", "{B0A7E151-BE31-4463-971A-31BD90907DCF}"
	ProjectSection(SolutionItems) = preProject
		.editorconfig = .editorconfig
	EndProjectSection
EndProject
Global
	GlobalSection(SolutionConfigurationPlatforms) = preSolution
		Debug|Any CPU = Debug|Any CPU
		Release|Any CPU = Release|Any CPU
	EndGlobalSection
	GlobalSection(ProjectConfigurationPlatforms) = postSolution
		{BCEE5066-5A96-42EB-A988-A01CE6F70ABC}.Debug|Any CPU.ActiveCfg = Debug|Any CPU
		{BCEE5066-5A96-42EB-A988-A01CE6F70ABC}.Debug|Any CPU.Build.0 = Debug|Any CPU
		{BCEE5066-5A96-42EB-A988-A01CE6F70ABC}.Release|Any CPU.ActiveCfg = Release|Any CPU
		{BCEE5066-5A96-42EB-A988-A01CE6F70ABC}.Release|Any CPU.Build.0 = Release|Any CPU
	EndGlobalSection
	GlobalSection(SolutionProperties) = preSolution
		HideSolutionNode = FALSE
	EndGlobalSection
	GlobalSection(ExtensibilityGlobals) = postSolution
		SolutionGuid = {F5C904E1-75FC-474E-A054-ED0D12B2CA2F}
	EndGlobalSection
EndGlobal
